
Microsoft Visual Studio Solution File, Format Version 12.00
# Blend for Visual Studio Version 17
VisualStudioVersion = 17.8.34330.188
MinimumVisualStudioVersion = 10.0.40219.1
Project("{FAE04EC0-301F-11D3-BF4B-00C04F79EFBC}") = "WpfApp1", "WpfApp1\WpfApp1.csproj", "{3703AAC6-A58C-474B-B475-D7E0C5B9731E}"
EndProject
Global
	GlobalSection(SolutionConfigurationPlatforms) = preSolution
		Debug|Any CPU = Debug|Any CPU
		Release|Any CPU = Release|Any CPU
	EndGlobalSection
	GlobalSection(ProjectConfigurationPlatforms) = postSolution
		{3703AAC6-A58C-474B-B475-D7E0C5B9731E}.Debug|Any CPU.ActiveCfg = Debug|Any CPU
		{3703AAC6-A58C-474B-B475-D7E0C5B9731E}.Debug|Any CPU.Build.0 = Debug|Any CPU
		{3703AAC6-A58C-474B-B475-D7E0C5B9731E}.Release|Any CPU.ActiveCfg = Release|Any CPU
		{3703AAC6-A58C-474B-B475-D7E0C5B9731E}.Release|Any CPU.Build.0 = Release|Any CPU
	EndGlobalSection
	GlobalSection(SolutionProperties) = preSolution
		HideSolutionNode = FALSE
	EndGlobalSection
	GlobalSection(ExtensibilityGlobals) = postSolution
		SolutionGuid = {70A8C925-B02E-418A-B35E-B91A9804AB7E}
	EndGlobalSection
EndGlobal
